
Microsoft Visual Studio Solution File, Format Version 12.00
# Visual Studio Version 16
VisualStudioVersion = 16.0.29215.179
MinimumVisualStudioVersion = 10.0.40219.1
Project("{9A19103F-16F7-4668-BE54-9A1E7A4F7556}") = "Cypher", "Cypher\Cypher.csproj", "{D31F0607-F253-455F-8F08-6E110B6F2B36}"
EndProject
Project("{9A19103F-16F7-4668-BE54-9A1E7A4F7556}") = "Laba.8.1", "..\Laba 8\Laba.8.1\Laba.8.1.csproj", "{487CB2B1-FC3A-40C0-8A4A-F63A091DF184}"
EndProject
Global
	GlobalSection(SolutionConfigurationPlatforms) = preSolution
		Debug|Any CPU = Debug|Any CPU
		Release|Any CPU = Release|Any CPU
	EndGlobalSection
	GlobalSection(ProjectConfigurationPlatforms) = postSolution
		{D31F0607-F253-455F-8F08-6E110B6F2B36}.Debug|Any CPU.ActiveCfg = Debug|Any CPU
		{D31F0607-F253-455F-8F08-6E110B6F2B36}.Debug|Any CPU.Build.0 = Debug|Any CPU
		{D31F0607-F253-455F-8F08-6E110B6F2B36}.Release|Any CPU.ActiveCfg = Release|Any CPU
		{D31F0607-F253-455F-8F08-6E110B6F2B36}.Release|Any CPU.Build.0 = Release|Any CPU
		{487CB2B1-FC3A-40C0-8A4A-F63A091DF184}.Debug|Any CPU.ActiveCfg = Debug|Any CPU
		{487CB2B1-FC3A-40C0-8A4A-F63A091DF184}.Debug|Any CPU.Build.0 = Debug|Any CPU
		{487CB2B1-FC3A-40C0-8A4A-F63A091DF184}.Release|Any CPU.ActiveCfg = Release|Any CPU
		{487CB2B1-FC3A-40C0-8A4A-F63A091DF184}.Release|Any CPU.Build.0 = Release|Any CPU
	EndGlobalSection
	GlobalSection(SolutionProperties) = preSolution
		HideSolutionNode = FALSE
	EndGlobalSection
	GlobalSection(ExtensibilityGlobals) = postSolution
		SolutionGuid = {D82915B9-3BE1-4EB0-8123-E7F551513FB4}
	EndGlobalSection
EndGlobal
